Microsoft Visual Studio Solution File, Format Version 12.00
# Visual Studio 15
Project("{FAE04EC0-301F-11D3-BF4B-00C04F79EFBC}") = "dotnet-express-mapper", "dotnet-express-mapper.csproj", "{03688B36-5643-4539-BD50-0752514DF030}"
EndProject
Project("{FAE04EC0-301F-11D3-BF4B-00C04F79EFBC}") = "Testing", "..\Testing\Testing.csproj", "{EF4AB95D-35FA-471C-BB2C-079E860EA30F}"
EndProject
Global
	GlobalSection(SolutionConfigurationPlatforms) = preSolution
		Debug|Any CPU = Debug|Any CPU
		Release|Any CPU = Release|Any CPU
	EndGlobalSection
	GlobalSection(ProjectConfigurationPlatforms) = postSolution
		{03688B36-5643-4539-BD50-0752514DF030}.Debug|Any CPU.ActiveCfg = Debug|Any CPU
		{03688B36-5643-4539-BD50-0752514DF030}.Debug|Any CPU.Build.0 = Debug|Any CPU
		{03688B36-5643-4539-BD50-0752514DF030}.Release|Any CPU.ActiveCfg = Release|Any CPU
		{03688B36-5643-4539-BD50-0752514DF030}.Release|Any CPU.Build.0 = Release|Any CPU
		{EF4AB95D-35FA-471C-BB2C-079E860EA30F}.Debug|Any CPU.ActiveCfg = Debug|Any CPU
		{EF4AB95D-35FA-471C-BB2C-079E860EA30F}.Debug|Any CPU.Build.0 = Debug|Any CPU
		{EF4AB95D-35FA-471C-BB2C-079E860EA30F}.Release|Any CPU.ActiveCfg = Release|Any CPU
		{EF4AB95D-35FA-471C-BB2C-079E860EA30F}.Release|Any CPU.Build.0 = Release|Any CPU
	EndGlobalSection
EndGlobal